
Microsoft Visual Studio Solution File, Format Version 12.00
# Visual Studio Version 17
VisualStudioVersion = 17.0.31903.59
MinimumVisualStudioVersion = 10.0.40219.1
Project("{2150E333-8FDC-42A3-9474-1A3956D46DE8}") = "src", "src", "{14E65809-BE85-4268-928C-0EF606B2DC65}"
EndProject
Project("{FAE04EC0-301F-11D3-BF4B-00C04F79EFBC}") = "AuctionService", "src\AuctionService\AuctionService.csproj", "{49CEE4D8-13A3-4CD6-B54C-1B48BE4EC90B}"
EndProject
Project("{FAE04EC0-301F-11D3-BF4B-00C04F79EFBC}") = "SearchService", "src\SearchService\SearchService.csproj", "{D8EEC3EB-3EB4-46A4-B1A0-49034420ADAF}"
EndProject
Project("{FAE04EC0-301F-11D3-BF4B-00C04F79EFBC}") = "Contracts", "src\Contracts\Contracts.csproj", "{10DDF7F4-40E3-479D-AB67-E37DBA887E67}"
EndProject
Project("{FAE04EC0-301F-11D3-BF4B-00C04F79EFBC}") = "IdentityService", "src\IdentityService\IdentityService.csproj", "{C4AB30C0-F8C2-4C69-B1BF-402468047D8C}"
EndProject
Project("{FAE04EC0-301F-11D3-BF4B-00C04F79EFBC}") = "GatewayService", "src\GatewayService\GatewayService.csproj", "{7BC60B8A-0B5E-464C-AD94-E416C5A8E552}"
EndProject
Global
	GlobalSection(SolutionConfigurationPlatforms) = preSolution
		Debug|Any CPU = Debug|Any CPU
		Release|Any CPU = Release|Any CPU
	EndGlobalSection
	GlobalSection(SolutionProperties) = preSolution
		HideSolutionNode = FALSE
	EndGlobalSection
	GlobalSection(ProjectConfigurationPlatforms) = postSolution
		{49CEE4D8-13A3-4CD6-B54C-1B48BE4EC90B}.Debug|Any CPU.ActiveCfg = Debug|Any CPU
		{49CEE4D8-13A3-4CD6-B54C-1B48BE4EC90B}.Debug|Any CPU.Build.0 = Debug|Any CPU
		{49CEE4D8-13A3-4CD6-B54C-1B48BE4EC90B}.Release|Any CPU.ActiveCfg = Release|Any CPU
		{49CEE4D8-13A3-4CD6-B54C-1B48BE4EC90B}.Release|Any CPU.Build.0 = Release|Any CPU
		{D8EEC3EB-3EB4-46A4-B1A0-49034420ADAF}.Debug|Any CPU.ActiveCfg = Debug|Any CPU
		{D8EEC3EB-3EB4-46A4-B1A0-49034420ADAF}.Debug|Any CPU.Build.0 = Debug|Any CPU
		{D8EEC3EB-3EB4-46A4-B1A0-49034420ADAF}.Release|Any CPU.ActiveCfg = Release|Any CPU
		{D8EEC3EB-3EB4-46A4-B1A0-49034420ADAF}.Release|Any CPU.Build.0 = Release|Any CPU
		{10DDF7F4-40E3-479D-AB67-E37DBA887E67}.Debug|Any CPU.ActiveCfg = Debug|Any CPU
		{10DDF7F4-40E3-479D-AB67-E37DBA887E67}.Debug|Any CPU.Build.0 = Debug|Any CPU
		{10DDF7F4-40E3-479D-AB67-E37DBA887E67}.Release|Any CPU.ActiveCfg = Release|Any CPU
		{10DDF7F4-40E3-479D-AB67-E37DBA887E67}.Release|Any CPU.Build.0 = Release|Any CPU
		{C4AB30C0-F8C2-4C69-B1BF-402468047D8C}.Debug|Any CPU.ActiveCfg = Debug|Any CPU
		{C4AB30C0-F8C2-4C69-B1BF-402468047D8C}.Debug|Any CPU.Build.0 = Debug|Any CPU
		{C4AB30C0-F8C2-4C69-B1BF-402468047D8C}.Release|Any CPU.ActiveCfg = Release|Any CPU
		{C4AB30C0-F8C2-4C69-B1BF-402468047D8C}.Release|Any CPU.Build.0 = Release|Any CPU
		{7BC60B8A-0B5E-464C-AD94-E416C5A8E552}.Debug|Any CPU.ActiveCfg = Debug|Any CPU
		{7BC60B8A-0B5E-464C-AD94-E416C5A8E552}.Debug|Any CPU.Build.0 = Debug|Any CPU
		{7BC60B8A-0B5E-464C-AD94-E416C5A8E552}.Release|Any CPU.ActiveCfg = Release|Any CPU
		{7BC60B8A-0B5E-464C-AD94-E416C5A8E552}.Release|Any CPU.Build.0 = Release|Any CPU
	EndGlobalSection
	GlobalSection(NestedProjects) = preSolution
		{49CEE4D8-13A3-4CD6-B54C-1B48BE4EC90B} = {14E65809-BE85-4268-928C-0EF606B2DC65}
		{D8EEC3EB-3EB4-46A4-B1A0-49034420ADAF} = {14E65809-BE85-4268-928C-0EF606B2DC65}
		{10DDF7F4-40E3-479D-AB67-E37DBA887E67} = {14E65809-BE85-4268-928C-0EF606B2DC65}
		{C4AB30C0-F8C2-4C69-B1BF-402468047D8C} = {14E65809-BE85-4268-928C-0EF606B2DC65}
		{7BC60B8A-0B5E-464C-AD94-E416C5A8E552} = {14E65809-BE85-4268-928C-0EF606B2DC65}
	EndGlobalSection
EndGlobal
